
Microsoft Visual Studio Solution File, Format Version 12.00
# Visual Studio Version 17
VisualStudioVersion = 17.3.32929.385
MinimumVisualStudioVersion = 10.0.40219.1
Project("{8BC9CEB8-8B4A-11D0-8D11-00A0C91BC942}") = "Computer Algorithm_Practice_9", "Computer Algorithm_Practice_9\Computer Algorithm_Practice_9.vcxproj", "{864AB9BD-DF76-4C95-BD1E-4F4290AA1174}"
EndProject
Global
	GlobalSection(SolutionConfigurationPlatforms) = preSolution
		Debug|x64 = Debug|x64
		Debug|x86 = Debug|x86
		Release|x64 = Release|x64
		Release|x86 = Release|x86
	EndGlobalSection
	GlobalSection(ProjectConfigurationPlatforms) = postSolution
		{864AB9BD-DF76-4C95-BD1E-4F4290AA1174}.Debug|x64.ActiveCfg = Debug|x64
		{864AB9BD-DF76-4C95-BD1E-4F4290AA1174}.Debug|x64.Build.0 = Debug|x64
		{864AB9BD-DF76-4C95-BD1E-4F4290AA1174}.Debug|x86.ActiveCfg = Debug|Win32
		{864AB9BD-DF76-4C95-BD1E-4F4290AA1174}.Debug|x86.Build.0 = Debug|Win32
		{864AB9BD-DF76-4C95-BD1E-4F4290AA1174}.Release|x64.ActiveCfg = Release|x64
		{864AB9BD-DF76-4C95-BD1E-4F4290AA1174}.Release|x64.Build.0 = Release|x64
		{864AB9BD-DF76-4C95-BD1E-4F4290AA1174}.Release|x86.ActiveCfg = Release|Win32
		{864AB9BD-DF76-4C95-BD1E-4F4290AA1174}.Release|x86.Build.0 = Release|Win32
	EndGlobalSection
	GlobalSection(SolutionProperties) = preSolution
		HideSolutionNode = FALSE
	EndGlobalSection
	GlobalSection(ExtensibilityGlobals) = postSolution
		SolutionGuid = {B110940F-62FC-4587-9FB8-AC383CFE122A}
	EndGlobalSection
EndGlobal
