
Microsoft Visual Studio Solution File, Format Version 12.00
# Visual Studio Version 17
VisualStudioVersion = 17.3.32922.545
MinimumVisualStudioVersion = 10.0.40219.1
Project("{8BC9CEB8-8B4A-11D0-8D11-00A0C91BC942}") = "Computer_Algorithm_Practice_3", "Computer_Algorithm_Practice_3.vcxproj", "{F4EC8F69-DA45-4065-B7C9-F6C1899DFE08}"
EndProject
Global
	GlobalSection(SolutionConfigurationPlatforms) = preSolution
		Debug|x64 = Debug|x64
		Debug|x86 = Debug|x86
		Release|x64 = Release|x64
		Release|x86 = Release|x86
	EndGlobalSection
	GlobalSection(ProjectConfigurationPlatforms) = postSolution
		{F4EC8F69-DA45-4065-B7C9-F6C1899DFE08}.Debug|x64.ActiveCfg = Debug|x64
		{F4EC8F69-DA45-4065-B7C9-F6C1899DFE08}.Debug|x64.Build.0 = Debug|x64
		{F4EC8F69-DA45-4065-B7C9-F6C1899DFE08}.Debug|x86.ActiveCfg = Debug|Win32
		{F4EC8F69-DA45-4065-B7C9-F6C1899DFE08}.Debug|x86.Build.0 = Debug|Win32
		{F4EC8F69-DA45-4065-B7C9-F6C1899DFE08}.Release|x64.ActiveCfg = Release|x64
		{F4EC8F69-DA45-4065-B7C9-F6C1899DFE08}.Release|x64.Build.0 = Release|x64
		{F4EC8F69-DA45-4065-B7C9-F6C1899DFE08}.Release|x86.ActiveCfg = Release|Win32
		{F4EC8F69-DA45-4065-B7C9-F6C1899DFE08}.Release|x86.Build.0 = Release|Win32
	EndGlobalSection
	GlobalSection(SolutionProperties) = preSolution
		HideSolutionNode = FALSE
	EndGlobalSection
	GlobalSection(ExtensibilityGlobals) = postSolution
		SolutionGuid = {F2EEC9C8-B07B-4BF5-920A-D3D616A85D55}
	EndGlobalSection
EndGlobal
